{
  "name": "disclosure-checker",
  "requires": true,
  "lockfileVersion": 1,
  "dependencies": {
    "govuk-frontend": {
      "version": "2.7.0",
      "resolved": "https://registry.npmjs.org/govuk-frontend/-/govuk-frontend-2.7.0.tgz",
      "integrity": "sha512-IZvho72ExUAOmMOZHbE7s//HdtpSoO1aLn3fcXTnuIUi20UTsz6j+5i1Ztyqr4KUEb8OB/jNMYt4kuYyJnEMRQ=="
    }
  }
}
