# THIS IS AN AUTOGENERATED FILE. DO NOT EDIT THIS FILE DIRECTLY.
# yarn lockfile v1


govuk-frontend@^3.7.0:
  version "3.8.0"
  resolved "https://registry.yarnpkg.com/govuk-frontend/-/govuk-frontend-3.8.0.tgz#939a0846ead90022b4b56506b098cdce28808c9a"
  integrity sha512-+vgXzFsh7wpLRGjFSDvDcA2zNA2wOxT6gGs/KUpkTjF1Uop9BerW/1W/YB1BMpeTEJoPlmrkA19+DS1fqJtL9Q==
