# THIS IS AN AUTOGENERATED FILE. DO NOT EDIT THIS FILE DIRECTLY.
# yarn lockfile v1


govuk-frontend@^3.11.0:
  version "3.11.0"
  resolved "https://registry.yarnpkg.com/govuk-frontend/-/govuk-frontend-3.11.0.tgz#5bc38629ec8b290220c2c389dcd664114a045db1"
  integrity sha512-1hW/3etYBtKPM+PNdWVOijvWVI3mpYL8eb7WLTtlh/Qxf2mCp6LkCsZk9I034n4EJBYQ5jlUWsUlTOOIypftpg==
